{
    "name": "when_you_free",
    "version": "1.3.0",
    "lockfileVersion": 2,
    "requires": true,
    "packages": {
        "": {
            "name": "when_you_free",
            "version": "1.3.0",
            "license": "MIT",
            "dependencies": {
                "bulletproof_me": "^1.0.7",
                "define_me": "^1.2.11",
                "moment": "^2.29.1",
                "whats_wrong": "^1.3.1"
            },
            "devDependencies": {}
        },
        "node_modules/bulletproof_me": {
            "version": "1.0.7",
            "resolved": "https://registry.npmjs.org/bulletproof_me/-/bulletproof_me-1.0.7.tgz",
            "integrity": "sha512-SumiBkzG/eM9rScP0/3J1d+MDimzjH5ieJzRV8boxNYTJeOQeIQOjEjoAgucfkiOyvy65HKXGouJdHdMnPL/4A==",
            "dependencies": {
                "lodash": "^4.17.21",
                "make_legit": "^1.4.10",
                "string": "^3.3.3",
                "whats_wrong": "^1.3.1",
                "when_you_free": "^1.2.5"
            }
        },
        "node_modules/check-types": {
            "version": "11.1.2",
            "resolved": "https://registry.npmjs.org/check-types/-/check-types-11.1.2.tgz",
            "integrity": "sha512-tzWzvgePgLORb9/3a0YenggReLKAIb2owL03H2Xdoe5pKcUyWRSEQ8xfCar8t2SIAuEDwtmx2da1YB52YuHQMQ=="
        },
        "node_modules/clean-deep": {
            "version": "3.4.0",
            "resolved": "https://registry.npmjs.org/clean-deep/-/clean-deep-3.4.0.tgz",
            "integrity": "sha512-Lo78NV5ItJL/jl+B5w0BycAisaieJGXK1qYi/9m4SjR8zbqmrUtO7Yhro40wEShGmmxs/aJLI/A+jNhdkXK8mw==",
            "dependencies": {
                "lodash.isempty": "^4.4.0",
                "lodash.isplainobject": "^4.0.6",
                "lodash.transform": "^4.6.0"
            },
            "engines": {
                "node": ">=4"
            }
        },
        "node_modules/define_me": {
            "version": "1.2.11",
            "resolved": "https://registry.npmjs.org/define_me/-/define_me-1.2.11.tgz",
            "integrity": "sha512-F9O+HulPgqh7lctfrpokl5VC4wTVYyTjM8DMoAb2dTW7YkqeKfT/7inDvb7tvQ8yQx1jLTaq8UhqJwszhpebHg=="
        },
        "node_modules/lodash": {
            "version": "4.17.21",
            "resolved": "https://registry.npmjs.org/lodash/-/lodash-4.17.21.tgz",
            "integrity": "sha512-v2kDEe57lecTulaDIuNTPy3Ry4gLGJ6Z1O3vE1krgXZNrsQ+LFTGHVxVjcXPs17LhbZVGedAJv8XZ1tvj5FvSg=="
        },
        "node_modules/lodash.isempty": {
            "version": "4.4.0",
            "resolved": "https://registry.npmjs.org/lodash.isempty/-/lodash.isempty-4.4.0.tgz",
            "integrity": "sha1-b4bL7di+TsmHvpqvM8loTbGzHn4="
        },
        "node_modules/lodash.isplainobject": {
            "version": "4.0.6",
            "resolved": "https://registry.npmjs.org/lodash.isplainobject/-/lodash.isplainobject-4.0.6.tgz",
            "integrity": "sha1-fFJqUtibRcRcxpC4gWO+BJf1UMs="
        },
        "node_modules/lodash.transform": {
            "version": "4.6.0",
            "resolved": "https://registry.npmjs.org/lodash.transform/-/lodash.transform-4.6.0.tgz",
            "integrity": "sha1-EjBkIvYzJK7YSD0/ODMrX2cFR6A="
        },
        "node_modules/make_legit": {
            "version": "1.4.10",
            "resolved": "https://registry.npmjs.org/make_legit/-/make_legit-1.4.10.tgz",
            "integrity": "sha512-mQNJhLSzxAz9lqKEdZqkfyH9W8r3VL0nd4TTtyUI2hpX1hQLzDK4qbx8StjlvgR8c1RTW39zSaDtHNw+MnkJ1w==",
            "dependencies": {
                "check-types": "^11.1.2",
                "clean-deep": "^3.4.0",
                "define_me": "^1.2.7",
                "whats_wrong": "^1.3.1",
                "when_you_free": "^1.2.5"
            }
        },
        "node_modules/moment": {
            "version": "2.29.1",
            "resolved": "https://registry.npmjs.org/moment/-/moment-2.29.1.tgz",
            "integrity": "sha512-kHmoybcPV8Sqy59DwNDY3Jefr64lK/by/da0ViFcuA4DH0vQg5Q6Ze5VimxkfQNSC+Mls/Kx53s7TjP1RhFEDQ==",
            "engines": {
                "node": "*"
            }
        },
        "node_modules/string": {
            "version": "3.3.3",
            "resolved": "https://registry.npmjs.org/string/-/string-3.3.3.tgz",
            "integrity": "sha1-XqIRzZLSKOGEKUmQpsyXs2anfLA="
        },
        "node_modules/whats_wrong": {
            "version": "1.3.1",
            "resolved": "https://registry.npmjs.org/whats_wrong/-/whats_wrong-1.3.1.tgz",
            "integrity": "sha512-2186FLnbPjG4Bw/4Aa3IGtggrUKC9JXcmR1kG3Lr7YoJ74ufLVgljl6hbavXHDFQOwaEJv1oiezNtma8PhiAgQ==",
            "dependencies": {
                "make_legit": "^1.4.6"
            }
        },
        "node_modules/when_you_free": {
            "version": "1.2.5",
            "resolved": "https://registry.npmjs.org/when_you_free/-/when_you_free-1.2.5.tgz",
            "integrity": "sha512-aFItO7ma6tDEQ4fwNdcYEHwtGkfnH56c94ILYmyBoHUs7XexVwXSee4ei8y+ODZZKpiaCaoAtyyRv8fIy40vgA==",
            "dependencies": {
                "define_me": "^1.2.6",
                "moment": "^2.29.1",
                "whats_wrong": "^1.0.4"
            }
        }
    },
    "dependencies": {
        "bulletproof_me": {
            "version": "1.0.7",
            "resolved": "https://registry.npmjs.org/bulletproof_me/-/bulletproof_me-1.0.7.tgz",
            "integrity": "sha512-SumiBkzG/eM9rScP0/3J1d+MDimzjH5ieJzRV8boxNYTJeOQeIQOjEjoAgucfkiOyvy65HKXGouJdHdMnPL/4A==",
            "requires": {
                "lodash": "^4.17.21",
                "make_legit": "^1.4.10",
                "string": "^3.3.3",
                "whats_wrong": "^1.3.1",
                "when_you_free": "^1.2.5"
            }
        },
        "check-types": {
            "version": "11.1.2",
            "resolved": "https://registry.npmjs.org/check-types/-/check-types-11.1.2.tgz",
            "integrity": "sha512-tzWzvgePgLORb9/3a0YenggReLKAIb2owL03H2Xdoe5pKcUyWRSEQ8xfCar8t2SIAuEDwtmx2da1YB52YuHQMQ=="
        },
        "clean-deep": {
            "version": "3.4.0",
            "resolved": "https://registry.npmjs.org/clean-deep/-/clean-deep-3.4.0.tgz",
            "integrity": "sha512-Lo78NV5ItJL/jl+B5w0BycAisaieJGXK1qYi/9m4SjR8zbqmrUtO7Yhro40wEShGmmxs/aJLI/A+jNhdkXK8mw==",
            "requires": {
                "lodash.isempty": "^4.4.0",
                "lodash.isplainobject": "^4.0.6",
                "lodash.transform": "^4.6.0"
            }
        },
        "define_me": {
            "version": "1.2.11",
            "resolved": "https://registry.npmjs.org/define_me/-/define_me-1.2.11.tgz",
            "integrity": "sha512-F9O+HulPgqh7lctfrpokl5VC4wTVYyTjM8DMoAb2dTW7YkqeKfT/7inDvb7tvQ8yQx1jLTaq8UhqJwszhpebHg=="
        },
        "lodash": {
            "version": "4.17.21",
            "resolved": "https://registry.npmjs.org/lodash/-/lodash-4.17.21.tgz",
            "integrity": "sha512-v2kDEe57lecTulaDIuNTPy3Ry4gLGJ6Z1O3vE1krgXZNrsQ+LFTGHVxVjcXPs17LhbZVGedAJv8XZ1tvj5FvSg=="
        },
        "lodash.isempty": {
            "version": "4.4.0",
            "resolved": "https://registry.npmjs.org/lodash.isempty/-/lodash.isempty-4.4.0.tgz",
            "integrity": "sha1-b4bL7di+TsmHvpqvM8loTbGzHn4="
        },
        "lodash.isplainobject": {
            "version": "4.0.6",
            "resolved": "https://registry.npmjs.org/lodash.isplainobject/-/lodash.isplainobject-4.0.6.tgz",
            "integrity": "sha1-fFJqUtibRcRcxpC4gWO+BJf1UMs="
        },
        "lodash.transform": {
            "version": "4.6.0",
            "resolved": "https://registry.npmjs.org/lodash.transform/-/lodash.transform-4.6.0.tgz",
            "integrity": "sha1-EjBkIvYzJK7YSD0/ODMrX2cFR6A="
        },
        "make_legit": {
            "version": "1.4.10",
            "resolved": "https://registry.npmjs.org/make_legit/-/make_legit-1.4.10.tgz",
            "integrity": "sha512-mQNJhLSzxAz9lqKEdZqkfyH9W8r3VL0nd4TTtyUI2hpX1hQLzDK4qbx8StjlvgR8c1RTW39zSaDtHNw+MnkJ1w==",
            "requires": {
                "check-types": "^11.1.2",
                "clean-deep": "^3.4.0",
                "define_me": "^1.2.7",
                "whats_wrong": "^1.3.1",
                "when_you_free": "^1.2.5"
            }
        },
        "moment": {
            "version": "2.29.1",
            "resolved": "https://registry.npmjs.org/moment/-/moment-2.29.1.tgz",
            "integrity": "sha512-kHmoybcPV8Sqy59DwNDY3Jefr64lK/by/da0ViFcuA4DH0vQg5Q6Ze5VimxkfQNSC+Mls/Kx53s7TjP1RhFEDQ=="
        },
        "string": {
            "version": "3.3.3",
            "resolved": "https://registry.npmjs.org/string/-/string-3.3.3.tgz",
            "integrity": "sha1-XqIRzZLSKOGEKUmQpsyXs2anfLA="
        },
        "whats_wrong": {
            "version": "1.3.1",
            "resolved": "https://registry.npmjs.org/whats_wrong/-/whats_wrong-1.3.1.tgz",
            "integrity": "sha512-2186FLnbPjG4Bw/4Aa3IGtggrUKC9JXcmR1kG3Lr7YoJ74ufLVgljl6hbavXHDFQOwaEJv1oiezNtma8PhiAgQ==",
            "requires": {
                "make_legit": "^1.4.6"
            }
        },
        "when_you_free": {
            "version": "1.2.5",
            "resolved": "https://registry.npmjs.org/when_you_free/-/when_you_free-1.2.5.tgz",
            "integrity": "sha512-aFItO7ma6tDEQ4fwNdcYEHwtGkfnH56c94ILYmyBoHUs7XexVwXSee4ei8y+ODZZKpiaCaoAtyyRv8fIy40vgA==",
            "requires": {
                "define_me": "^1.2.6",
                "moment": "^2.29.1",
                "whats_wrong": "^1.0.4"
            }
        }
    }
}
